{
  "name": "karabiner-config",
  "version": "0.0.0",
  "lockfileVersion": 3,
  "requires": true,
  "packages": {
    "": {
      "name": "karabiner-config",
      "version": "0.0.0",
      "license": "ISC",
      "dependencies": {
        "karabiner-config-to-markdown": "^0.2.4",
        "qwerty-to-colemak": "^0.1.0"
      }
    },
    "node_modules/karabiner-config-to-markdown": {
      "version": "0.2.4",
      "resolved": "https://registry.npmjs.org/karabiner-config-to-markdown/-/karabiner-config-to-markdown-0.2.4.tgz",
      "integrity": "sha512-6R5Nu3k1iDUweYlu2eOIo0WbyCqTOjCRwCEMkf2RAKbKIqh1VF2xg8tdBf51DiUEyisJst/DGpcOQM9dhidT0A==",
      "license": "ISC",
      "bin": {
        "karabiner-config-to-markdown": "bin.js"
      },
      "engines": {
        "node": ">10"
      }
    },
    "node_modules/qwerty-to-colemak": {
      "version": "0.1.0",
      "resolved": "https://registry.npmjs.org/qwerty-to-colemak/-/qwerty-to-colemak-0.1.0.tgz",
      "integrity": "sha512-/CJHeiTjR9XEkI43YcXkUZK3jejKi4bBIxC8IECjzCMpoZ+TJa3HAPZqw/bCLuh/C8gz6xM0bQzCj2CMSDFasA==",
      "engines": {
        "node": ">10"
      }
    }
  }
}
